// !$*UTF8*$!
{
	archiveVersion = 1;
	classes = {
	};
	objectVersion = 48;
	objects = {

/* Begin PBXBuildFile section */
		47F774CEB7EA500357144A89 /* Pods_RNDM.framework in Frameworks */ = {isa = PBXBuildFile; fileRef = CB3F57B7377A5E2CB05F47E4 /* Pods_RNDM.framework */; };
		CDB5C589200D43C400A441CB /* AppDelegate.swift in Sources */ = {isa = PBXBuildFile; fileRef = CDB5C588200D43C400A441CB /* AppDelegate.swift */; };
		CDB5C58B200D43C400A441CB /* MainVC.swift in Sources */ = {isa = PBXBuildFile; fileRef = CDB5C58A200D43C400A441CB /* MainVC.swift */; };
		CDB5C58E200D43C500A441CB /* Main.storyboard in Resources */ = {isa = PBXBuildFile; fileRef = CDB5C58C200D43C500A441CB /* Main.storyboard */; };
		CDB5C590200D43C500A441CB /* Assets.xcassets in Resources */ = {isa = PBXBuildFile; fileRef = CDB5C58F200D43C500A441CB /* Assets.xcassets */; };
		CDB5C593200D43C500A441CB /* LaunchScreen.storyboard in Resources */ = {isa = PBXBuildFile; fileRef = CDB5C591200D43C500A441CB /* LaunchScreen.storyboard */; };
		CDB5C59B200D464400A441CB /* GoogleService-Info.plist in Resources */ = {isa = PBXBuildFile; fileRef = CDB5C59A200D464400A441CB /* GoogleService-Info.plist */; };
		CDB5C59D200D570F00A441CB /* AddThoughtVC.swift in Sources */ = {isa = PBXBuildFile; fileRef = CDB5C59C200D570F00A441CB /* AddThoughtVC.swift */; };
		CDB5C5A3200D6D0A00A441CB /* Constants.swift in Sources */ = {isa = PBXBuildFile; fileRef = CDB5C5A2200D6D0A00A441CB /* Constants.swift */; };
		CDB5C5A5200D90A200A441CB /* Thought.swift in Sources */ = {isa = PBXBuildFile; fileRef = CDB5C5A4200D90A200A441CB /* Thought.swift */; };
		CDB5C5A7200D92FC00A441CB /* ThoughtCell.swift in Sources */ = {isa = PBXBuildFile; fileRef = CDB5C5A6200D92FC00A441CB /* ThoughtCell.swift */; };
		CDB5C5A920195D6E00A441CB /* LoginVC.swift in Sources */ = {isa = PBXBuildFile; fileRef = CDB5C5A820195D6E00A441CB /* LoginVC.swift */; };
		CDB5C5AB2019614300A441CB /* CreateUserVC.swift in Sources */ = {isa = PBXBuildFile; fileRef = CDB5C5AA2019614300A441CB /* CreateUserVC.swift */; };
/* End PBXBuildFile section */

/* Begin PBXFileReference section */
		03CC6B08D963E87460448374 /* Pods-RNDM.debug.xcconfig */ = {isa = PBXFileReference; includeInIndex = 1; lastKnownFileType = text.xcconfig; name = "Pods-RNDM.debug.xcconfig"; path = "Pods/Target Support Files/Pods-RNDM/Pods-RNDM.debug.xcconfig"; sourceTree = "<group>"; };
		C466D0D07EB94C1F5131F191 /* Pods-RNDM.release.xcconfig */ = {isa = PBXFileReference; includeInIndex = 1; lastKnownFileType = text.xcconfig; name = "Pods-RNDM.release.xcconfig"; path = "Pods/Target Support Files/Pods-RNDM/Pods-RNDM.release.xcconfig"; sourceTree = "<group>"; };
		CB3F57B7377A5E2CB05F47E4 /* Pods_RNDM.framework */ = {isa = PBXFileReference; explicitFileType = wrapper.framework; includeInIndex = 0; path = Pods_RNDM.framework; sourceTree = BUILT_PRODUCTS_DIR; };
		CDB5C585200D43C400A441CB /* RNDM.app */ = {isa = PBXFileReference; explicitFileType = wrapper.application; includeInIndex = 0; path = RNDM.app; sourceTree = BUILT_PRODUCTS_DIR; };
		CDB5C588200D43C400A441CB /* AppDelegate.swift */ = {isa = PBXFileReference; lastKnownFileType = sourcecode.swift; path = AppDelegate.swift; sourceTree = "<group>"; };
		CDB5C58A200D43C400A441CB /* MainVC.swift */ = {isa = PBXFileReference; lastKnownFileType = sourcecode.swift; path = MainVC.swift; sourceTree = "<group>"; };
		CDB5C58D200D43C500A441CB /* Base */ = {isa = PBXFileReference; lastKnownFileType = file.storyboard; name = Base; path = Base.lproj/Main.storyboard; sourceTree = "<group>"; };
		CDB5C58F200D43C500A441CB /* Assets.xcassets */ = {isa = PBXFileReference; lastKnownFileType = folder.assetcatalog; path = Assets.xcassets; sourceTree = "<group>"; };
		CDB5C592200D43C500A441CB /* Base */ = {isa = PBXFileReference; lastKnownFileType = file.storyboard; name = Base; path = Base.lproj/LaunchScreen.storyboard; sourceTree = "<group>"; };
		CDB5C594200D43C500A441CB /* Info.plist */ = {isa = PBXFileReference; lastKnownFileType = text.plist.xml; path = Info.plist; sourceTree = "<group>"; };
		CDB5C59A200D464400A441CB /* GoogleService-Info.plist */ = {isa = PBXFileReference; fileEncoding = 4; lastKnownFileType = text.plist.xml; path = "GoogleService-Info.plist"; sourceTree = "<group>"; };
		CDB5C59C200D570F00A441CB /* AddThoughtVC.swift */ = {isa = PBXFileReference; lastKnownFileType = sourcecode.swift; path = AddThoughtVC.swift; sourceTree = "<group>"; };
		CDB5C5A2200D6D0A00A441CB /* Constants.swift */ = {isa = PBXFileReference; lastKnownFileType = sourcecode.swift; path = Constants.swift; sourceTree = "<group>"; };
		CDB5C5A4200D90A200A441CB /* Thought.swift */ = {isa = PBXFileReference; lastKnownFileType = sourcecode.swift; path = Thought.swift; sourceTree = "<group>"; };
		CDB5C5A6200D92FC00A441CB /* ThoughtCell.swift */ = {isa = PBXFileReference; lastKnownFileType = sourcecode.swift; path = ThoughtCell.swift; sourceTree = "<group>"; };
		CDB5C5A820195D6E00A441CB /* LoginVC.swift */ = {isa = PBXFileReference; lastKnownFileType = sourcecode.swift; path = LoginVC.swift; sourceTree = "<group>"; };
		CDB5C5AA2019614300A441CB /* CreateUserVC.swift */ = {isa = PBXFileReference; lastKnownFileType = sourcecode.swift; path = CreateUserVC.swift; sourceTree = "<group>"; };
/* End PBXFileReference section */

/* Begin PBXFrameworksBuildPhase section */
		CDB5C582200D43C400A441CB /* Frameworks */ = {
			isa = PBXFrameworksBuildPhase;
			buildActionMask = 2147483647;
			files = (
				47F774CEB7EA500357144A89 /* Pods_RNDM.framework in Frameworks */,
			);
			runOnlyForDeploymentPostprocessing = 0;
		};
/* End PBXFrameworksBuildPhase section */

/* Begin PBXGroup section */
		B243941CB0CEC0D2AA0E9BF0 /* Pods */ = {
			isa = PBXGroup;
			children = (
				03CC6B08D963E87460448374 /* Pods-RNDM.debug.xcconfig */,
				C466D0D07EB94C1F5131F191 /* Pods-RNDM.release.xcconfig */,
			);
			name = Pods;
			sourceTree = "<group>";
		};
		CDB5C57C200D43C400A441CB = {
			isa = PBXGroup;
			children = (
				CDB5C587200D43C400A441CB /* RNDM */,
				CDB5C586200D43C400A441CB /* Products */,
				B243941CB0CEC0D2AA0E9BF0 /* Pods */,
				F1409F22123F58ACDF12551F /* Frameworks */,
			);
			sourceTree = "<group>";
		};
		CDB5C586200D43C400A441CB /* Products */ = {
			isa = PBXGroup;
			children = (
				CDB5C585200D43C400A441CB /* RNDM.app */,
			);
			name = Products;
			sourceTree = "<group>";
		};
		CDB5C587200D43C400A441CB /* RNDM */ = {
			isa = PBXGroup;
			children = (
				CDB5C5A1200D6CEE00A441CB /* Utilities */,
				CDB5C5A0200D574C00A441CB /* Model */,
				CDB5C59F200D574400A441CB /* View */,
				CDB5C59E200D573900A441CB /* Controller */,
				CDB5C588200D43C400A441CB /* AppDelegate.swift */,
				CDB5C59A200D464400A441CB /* GoogleService-Info.plist */,
				CDB5C58C200D43C500A441CB /* Main.storyboard */,
				CDB5C58F200D43C500A441CB /* Assets.xcassets */,
				CDB5C591200D43C500A441CB /* LaunchScreen.storyboard */,
				CDB5C594200D43C500A441CB /* Info.plist */,
			);
			path = RNDM;
			sourceTree = "<group>";
		};
		CDB5C59E200D573900A441CB /* Controller */ = {
			isa = PBXGroup;
			children = (
				CDB5C58A200D43C400A441CB /* MainVC.swift */,
				CDB5C59C200D570F00A441CB /* AddThoughtVC.swift */,
				CDB5C5A820195D6E00A441CB /* LoginVC.swift */,
				CDB5C5AA2019614300A441CB /* CreateUserVC.swift */,
			);
			path = Controller;
			sourceTree = "<group>";
		};
		CDB5C59F200D574400A441CB /* View */ = {
			isa = PBXGroup;
			children = (
				CDB5C5A6200D92FC00A441CB /* ThoughtCell.swift */,
			);
			path = View;
			sourceTree = "<group>";
		};
		CDB5C5A0200D574C00A441CB /* Model */ = {
			isa = PBXGroup;
			children = (
				CDB5C5A4200D90A200A441CB /* Thought.swift */,
			);
			path = Model;
			sourceTree = "<group>";
		};
		CDB5C5A1200D6CEE00A441CB /* Utilities */ = {
			isa = PBXGroup;
			children = (
				CDB5C5A2200D6D0A00A441CB /* Constants.swift */,
			);
			path = Utilities;
			sourceTree = "<group>";
		};
		F1409F22123F58ACDF12551F /* Frameworks */ = {
			isa = PBXGroup;
			children = (
				CB3F57B7377A5E2CB05F47E4 /* Pods_RNDM.framework */,
			);
			name = Frameworks;
			sourceTree = "<group>";
		};
/* End PBXGroup section */

/* Begin PBXNativeTarget section */
		CDB5C584200D43C400A441CB /* RNDM */ = {
			isa = PBXNativeTarget;
			buildConfigurationList = CDB5C597200D43C500A441CB /* Build configuration list for PBXNativeTarget "RNDM" */;
			buildPhases = (
				DFDE66C4F858EACD2B3C02BE /* [CP] Check Pods Manifest.lock */,
				CDB5C581200D43C400A441CB /* Sources */,
				CDB5C582200D43C400A441CB /* Frameworks */,
				CDB5C583200D43C400A441CB /* Resources */,
				60269D0B5994269B9F62DE71 /* [CP] Embed Pods Frameworks */,
				FD2D840695BE9FAEF63DA5D7 /* [CP] Copy Pods Resources */,
			);
			buildRules = (
			);
			dependencies = (
			);
			name = RNDM;
			productName = RNDM;
			productReference = CDB5C585200D43C400A441CB /* RNDM.app */;
			productType = "com.apple.product-type.application";
		};
/* End PBXNativeTarget section */

/* Begin PBXProject section */
		CDB5C57D200D43C400A441CB /* Project object */ = {
			isa = PBXProject;
			attributes = {
				LastSwiftUpdateCheck = 0920;
				LastUpgradeCheck = 0920;
				ORGANIZATIONNAME = "Manley Celicourt";
				TargetAttributes = {
					CDB5C584200D43C400A441CB = {
						CreatedOnToolsVersion = 9.2;
						ProvisioningStyle = Automatic;
					};
				};
			};
			buildConfigurationList = CDB5C580200D43C400A441CB /* Build configuration list for PBXProject "RNDM" */;
			compatibilityVersion = "Xcode 8.0";
			developmentRegion = en;
			hasScannedForEncodings = 0;
			knownRegions = (
				en,
				Base,
			);
			mainGroup = CDB5C57C200D43C400A441CB;
			productRefGroup = CDB5C586200D43C400A441CB /* Products */;
			projectDirPath = "";
			projectRoot = "";
			targets = (
				CDB5C584200D43C400A441CB /* RNDM */,
			);
		};
/* End PBXProject section */

/* Begin PBXResourcesBuildPhase section */
		CDB5C583200D43C400A441CB /* Resources */ = {
			isa = PBXResourcesBuildPhase;
			buildActionMask = 2147483647;
			files = (
				CDB5C593200D43C500A441CB /* LaunchScreen.storyboard in Resources */,
				CDB5C590200D43C500A441CB /* Assets.xcassets in Resources */,
				CDB5C59B200D464400A441CB /* GoogleService-Info.plist in Resources */,
				CDB5C58E200D43C500A441CB /* Main.storyboard in Resources */,
			);
			runOnlyForDeploymentPostprocessing = 0;
		};
/* End PBXResourcesBuildPhase section */

/* Begin PBXShellScriptBuildPhase section */
		60269D0B5994269B9F62DE71 /* [CP] Embed Pods Frameworks */ = {
			isa = PBXShellScriptBuildPhase;
			buildActionMask = 2147483647;
			files = (
			);
			inputPaths = (
				"${SRCROOT}/Pods/Target Support Files/Pods-RNDM/Pods-RNDM-frameworks.sh",
				"${BUILT_PRODUCTS_DIR}/BoringSSL/openssl.framework",
				"${BUILT_PRODUCTS_DIR}/GTMSessionFetcher/GTMSessionFetcher.framework",
				"${BUILT_PRODUCTS_DIR}/GoogleToolboxForMac/GoogleToolboxForMac.framework",
				"${BUILT_PRODUCTS_DIR}/Protobuf/Protobuf.framework",
				"${BUILT_PRODUCTS_DIR}/gRPC/GRPCClient.framework",
				"${BUILT_PRODUCTS_DIR}/gRPC-Core/grpc.framework",
				"${BUILT_PRODUCTS_DIR}/gRPC-ProtoRPC/ProtoRPC.framework",
				"${BUILT_PRODUCTS_DIR}/gRPC-RxLibrary/RxLibrary.framework",
				"${BUILT_PRODUCTS_DIR}/leveldb-library/leveldb.framework",
				"${BUILT_PRODUCTS_DIR}/nanopb/nanopb.framework",
			);
			name = "[CP] Embed Pods Frameworks";
			outputPaths = (
				"${TARGET_BUILD_DIR}/${FRAMEWORKS_FOLDER_PATH}/openssl.framework",
				"${TARGET_BUILD_DIR}/${FRAMEWORKS_FOLDER_PATH}/GTMSessionFetcher.framework",
				"${TARGET_BUILD_DIR}/${FRAMEWORKS_FOLDER_PATH}/GoogleToolboxForMac.framework",
				"${TARGET_BUILD_DIR}/${FRAMEWORKS_FOLDER_PATH}/Protobuf.framework",
				"${TARGET_BUILD_DIR}/${FRAMEWORKS_FOLDER_PATH}/GRPCClient.framework",
				"${TARGET_BUILD_DIR}/${FRAMEWORKS_FOLDER_PATH}/grpc.framework",
				"${TARGET_BUILD_DIR}/${FRAMEWORKS_FOLDER_PATH}/ProtoRPC.framework",
				"${TARGET_BUILD_DIR}/${FRAMEWORKS_FOLDER_PATH}/RxLibrary.framework",
				"${TARGET_BUILD_DIR}/${FRAMEWORKS_FOLDER_PATH}/leveldb.framework",
				"${TARGET_BUILD_DIR}/${FRAMEWORKS_FOLDER_PATH}/nanopb.framework",
			);
			runOnlyForDeploymentPostprocessing = 0;
			shellPath = /bin/sh;
			shellScript = "\"${SRCROOT}/Pods/Target Support Files/Pods-RNDM/Pods-RNDM-frameworks.sh\"\n";
			showEnvVarsInLog = 0;
		};
		DFDE66C4F858EACD2B3C02BE /* [CP] Check Pods Manifest.lock */ = {
			isa = PBXShellScriptBuildPhase;
			buildActionMask = 2147483647;
			files = (
			);
			inputPaths = (
				"${PODS_PODFILE_DIR_PATH}/Podfile.lock",
				"${PODS_ROOT}/Manifest.lock",
			);
			name = "[CP] Check Pods Manifest.lock";
			outputPaths = (
				"$(DERIVED_FILE_DIR)/Pods-RNDM-checkManifestLockResult.txt",
			);
			runOnlyForDeploymentPostprocessing = 0;
			shellPath = /bin/sh;
			shellScript = "diff \"${PODS_PODFILE_DIR_PATH}/Podfile.lock\" \"${PODS_ROOT}/Manifest.lock\" > /dev/null\nif [ $? != 0 ] ; then\n    # print error to STDERR\n    echo \"error: The sandbox is not in sync with the Podfile.lock. Run 'pod install' or update your CocoaPods installation.\" >&2\n    exit 1\nfi\n# This output is used by Xcode 'outputs' to avoid re-running this script phase.\necho \"SUCCESS\" > \"${SCRIPT_OUTPUT_FILE_0}\"\n";
			showEnvVarsInLog = 0;
		};
		FD2D840695BE9FAEF63DA5D7 /* [CP] Copy Pods Resources */ = {
			isa = PBXShellScriptBuildPhase;
			buildActionMask = 2147483647;
			files = (
			);
			inputPaths = (
			);
			name = "[CP] Copy Pods Resources";
			outputPaths = (
			);
			runOnlyForDeploymentPostprocessing = 0;
			shellPath = /bin/sh;
			shellScript = "\"${SRCROOT}/Pods/Target Support Files/Pods-RNDM/Pods-RNDM-resources.sh\"\n";
			showEnvVarsInLog = 0;
		};
/* End PBXShellScriptBuildPhase section */

/* Begin PBXSourcesBuildPhase section */
		CDB5C581200D43C400A441CB /* Sources */ = {
			isa = PBXSourcesBuildPhase;
			buildActionMask = 2147483647;
			files = (
				CDB5C58B200D43C400A441CB /* MainVC.swift in Sources */,
				CDB5C5AB2019614300A441CB /* CreateUserVC.swift in Sources */,
				CDB5C589200D43C400A441CB /* AppDelegate.swift in Sources */,
				CDB5C5A920195D6E00A441CB /* LoginVC.swift in Sources */,
				CDB5C59D200D570F00A441CB /* AddThoughtVC.swift in Sources */,
				CDB5C5A7200D92FC00A441CB /* ThoughtCell.swift in Sources */,
				CDB5C5A5200D90A200A441CB /* Thought.swift in Sources */,
				CDB5C5A3200D6D0A00A441CB /* Constants.swift in Sources */,
			);
			runOnlyForDeploymentPostprocessing = 0;
		};
/* End PBXSourcesBuildPhase section */

/* Begin PBXVariantGroup section */
		CDB5C58C200D43C500A441CB /* Main.storyboard */ = {
			isa = PBXVariantGroup;
			children = (
				CDB5C58D200D43C500A441CB /* Base */,
			);
			name = Main.storyboard;
			sourceTree = "<group>";
		};
		CDB5C591200D43C500A441CB /* LaunchScreen.storyboard */ = {
			isa = PBXVariantGroup;
			children = (
				CDB5C592200D43C500A441CB /* Base */,
			);
			name = LaunchScreen.storyboard;
			sourceTree = "<group>";
		};
/* End PBXVariantGroup section */

/* Begin XCBuildConfiguration section */
		CDB5C595200D43C500A441CB /* Debug */ = {
			isa = XCBuildConfiguration;
			buildSettings = {
				ALWAYS_SEARCH_USER_PATHS = NO;
				CLANG_ANALYZER_NONNULL = YES;
				CLANG_ANALYZER_NUMBER_OBJECT_CONVERSION = YES_AGGRESSIVE;
				CLANG_CXX_LANGUAGE_STANDARD = "gnu++14";
				CLANG_CXX_LIBRARY = "libc++";
				CLANG_ENABLE_MODULES = YES;
				CLANG_ENABLE_OBJC_ARC = YES;
				CLANG_WARN_BLOCK_CAPTURE_AUTORELEASING = YES;
				CLANG_WARN_BOOL_CONVERSION = YES;
				CLANG_WARN_COMMA = YES;
				CLANG_WARN_CONSTANT_CONVERSION = YES;
				CLANG_WARN_DIRECT_OBJC_ISA_USAGE = YES_ERROR;
				CLANG_WARN_DOCUMENTATION_COMMENTS = YES;
				CLANG_WARN_EMPTY_BODY = YES;
				CLANG_WARN_ENUM_CONVERSION = YES;
				CLANG_WARN_INFINITE_RECURSION = YES;
				CLANG_WARN_INT_CONVERSION = YES;
				CLANG_WARN_NON_LITERAL_NULL_CONVERSION = YES;
				CLANG_WARN_OBJC_LITERAL_CONVERSION = YES;
				CLANG_WARN_OBJC_ROOT_CLASS = YES_ERROR;
				CLANG_WARN_RANGE_LOOP_ANALYSIS = YES;
				CLANG_WARN_STRICT_PROTOTYPES = YES;
				CLANG_WARN_SUSPICIOUS_MOVE = YES;
				CLANG_WARN_UNGUARDED_AVAILABILITY = YES_AGGRESSIVE;
				CLANG_WARN_UNREACHABLE_CODE = YES;
				CLANG_WARN__DUPLICATE_METHOD_MATCH = YES;
				CODE_SIGN_IDENTITY = "iPhone Developer";
				COPY_PHASE_STRIP = NO;
				DEBUG_INFORMATION_FORMAT = dwarf;
				ENABLE_STRICT_OBJC_MSGSEND = YES;
				ENABLE_TESTABILITY = YES;
				GCC_C_LANGUAGE_STANDARD = gnu11;
				GCC_DYNAMIC_NO_PIC = NO;
				GCC_NO_COMMON_BLOCKS = YES;
				GCC_OPTIMIZATION_LEVEL = 0;
				GCC_PREPROCESSOR_DEFINITIONS = (
					"DEBUG=1",
					"$(inherited)",
				);
				GCC_WARN_64_TO_32_BIT_CONVERSION = YES;
				GCC_WARN_ABOUT_RETURN_TYPE = YES_ERROR;
				GCC_WARN_UNDECLARED_SELECTOR = YES;
				GCC_WARN_UNINITIALIZED_AUTOS = YES_AGGRESSIVE;
				GCC_WARN_UNUSED_FUNCTION = YES;
				GCC_WARN_UNUSED_VARIABLE = YES;
				IPHONEOS_DEPLOYMENT_TARGET = 11.2;
				MTL_ENABLE_DEBUG_INFO = YES;
				ONLY_ACTIVE_ARCH = YES;
				SDKROOT = iphoneos;
				SWIFT_ACTIVE_COMPILATION_CONDITIONS = DEBUG;
				SWIFT_OPTIMIZATION_LEVEL = "-Onone";
			};
			name = Debug;
		};
		CDB5C596200D43C500A441CB /* Release */ = {
			isa = XCBuildConfiguration;
			buildSettings = {
				ALWAYS_SEARCH_USER_PATHS = NO;
				CLANG_ANALYZER_NONNULL = YES;
				CLANG_ANALYZER_NUMBER_OBJECT_CONVERSION = YES_AGGRESSIVE;
				CLANG_CXX_LANGUAGE_STANDARD = "gnu++14";
				CLANG_CXX_LIBRARY = "libc++";
				CLANG_ENABLE_MODULES = YES;
				CLANG_ENABLE_OBJC_ARC = YES;
				CLANG_WARN_BLOCK_CAPTURE_AUTORELEASING = YES;
				CLANG_WARN_BOOL_CONVERSION = YES;
				CLANG_WARN_COMMA = YES;
				CLANG_WARN_CONSTANT_CONVERSION = YES;
				CLANG_WARN_DIRECT_OBJC_ISA_USAGE = YES_ERROR;
				CLANG_WARN_DOCUMENTATION_COMMENTS = YES;
				CLANG_WARN_EMPTY_BODY = YES;
				CLANG_WARN_ENUM_CONVERSION = YES;
				CLANG_WARN_INFINITE_RECURSION = YES;
				CLANG_WARN_INT_CONVERSION = YES;
				CLANG_WARN_NON_LITERAL_NULL_CONVERSION = YES;
				CLANG_WARN_OBJC_LITERAL_CONVERSION = YES;
				CLANG_WARN_OBJC_ROOT_CLASS = YES_ERROR;
				CLANG_WARN_RANGE_LOOP_ANALYSIS = YES;
				CLANG_WARN_STRICT_PROTOTYPES = YES;
				CLANG_WARN_SUSPICIOUS_MOVE = YES;
				CLANG_WARN_UNGUARDED_AVAILABILITY = YES_AGGRESSIVE;
				CLANG_WARN_UNREACHABLE_CODE = YES;
				CLANG_WARN__DUPLICATE_METHOD_MATCH = YES;
				CODE_SIGN_IDENTITY = "iPhone Developer";
				COPY_PHASE_STRIP = NO;
				DEBUG_INFORMATION_FORMAT = "dwarf-with-dsym";
				ENABLE_NS_ASSERTIONS = NO;
				ENABLE_STRICT_OBJC_MSGSEND = YES;
				GCC_C_LANGUAGE_STANDARD = gnu11;
				GCC_NO_COMMON_BLOCKS = YES;
				GCC_WARN_64_TO_32_BIT_CONVERSION = YES;
				GCC_WARN_ABOUT_RETURN_TYPE = YES_ERROR;
				GCC_WARN_UNDECLARED_SELECTOR = YES;
				GCC_WARN_UNINITIALIZED_AUTOS = YES_AGGRESSIVE;
				GCC_WARN_UNUSED_FUNCTION = YES;
				GCC_WARN_UNUSED_VARIABLE = YES;
				IPHONEOS_DEPLOYMENT_TARGET = 11.2;
				MTL_ENABLE_DEBUG_INFO = NO;
				SDKROOT = iphoneos;
				SWIFT_OPTIMIZATION_LEVEL = "-Owholemodule";
				VALIDATE_PRODUCT = YES;
			};
			name = Release;
		};
		CDB5C598200D43C500A441CB /* Debug */ = {
			isa = XCBuildConfiguration;
			baseConfigurationReference = 03CC6B08D963E87460448374 /* Pods-RNDM.debug.xcconfig */;
			buildSettings = {
				ASSETCATALOG_COMPILER_APPICON_NAME = AppIcon;
				CODE_SIGN_STYLE = Automatic;
				DEVELOPMENT_TEAM = 6KZETA8773;
				INFOPLIST_FILE = RNDM/Info.plist;
				LD_RUNPATH_SEARCH_PATHS = "$(inherited) @executable_path/Frameworks";
				PRODUCT_BUNDLE_IDENTIFIER = com.manleycelicourt.RNDM;
				PRODUCT_NAME = "$(TARGET_NAME)";
				SWIFT_VERSION = 4.0;
				TARGETED_DEVICE_FAMILY = 1;
			};
			name = Debug;
		};
		CDB5C599200D43C500A441CB /* Release */ = {
			isa = XCBuildConfiguration;
			baseConfigurationReference = C466D0D07EB94C1F5131F191 /* Pods-RNDM.release.xcconfig */;
			buildSettings = {
				ASSETCATALOG_COMPILER_APPICON_NAME = AppIcon;
				CODE_SIGN_STYLE = Automatic;
				DEVELOPMENT_TEAM = 6KZETA8773;
				INFOPLIST_FILE = RNDM/Info.plist;
				LD_RUNPATH_SEARCH_PATHS = "$(inherited) @executable_path/Frameworks";
				PRODUCT_BUNDLE_IDENTIFIER = com.manleycelicourt.RNDM;
				PRODUCT_NAME = "$(TARGET_NAME)";
				SWIFT_VERSION = 4.0;
				TARGETED_DEVICE_FAMILY = 1;
			};
			name = Release;
		};
/* End XCBuildConfiguration section */

/* Begin XCConfigurationList section */
		CDB5C580200D43C400A441CB /* Build configuration list for PBXProject "RNDM" */ = {
			isa = XCConfigurationList;
			buildConfigurations = (
				CDB5C595200D43C500A441CB /* Debug */,
				CDB5C596200D43C500A441CB /* Release */,
			);
			defaultConfigurationIsVisible = 0;
			defaultConfigurationName = Release;
		};
		CDB5C597200D43C500A441CB /* Build configuration list for PBXNativeTarget "RNDM" */ = {
			isa = XCConfigurationList;
			buildConfigurations = (
				CDB5C598200D43C500A441CB /* Debug */,
				CDB5C599200D43C500A441CB /* Release */,
			);
			defaultConfigurationIsVisible = 0;
			defaultConfigurationName = Release;
		};
/* End XCConfigurationList section */
	};
	rootObject = CDB5C57D200D43C400A441CB /* Project object */;
}
